
Microsoft Visual Studio Solution File, Format Version 12.00
# Visual Studio Version 17
VisualStudioVersion = 17.9.34728.123
MinimumVisualStudioVersion = 10.0.40219.1
Project("{FAE04EC0-301F-11D3-BF4B-00C04F79EFBC}") = "OOP PROJECT", "OOP PROJECT\OOP PROJECT.csproj", "{642842C5-5378-401A-9C3E-49F9B0A7FA65}"
EndProject
Global
	GlobalSection(SolutionConfigurationPlatforms) = preSolution
		Debug|Any CPU = Debug|Any CPU
		Release|Any CPU = Release|Any CPU
	EndGlobalSection
	GlobalSection(ProjectConfigurationPlatforms) = postSolution
		{642842C5-5378-401A-9C3E-49F9B0A7FA65}.Debug|Any CPU.ActiveCfg = Debug|Any CPU
		{642842C5-5378-401A-9C3E-49F9B0A7FA65}.Debug|Any CPU.Build.0 = Debug|Any CPU
		{642842C5-5378-401A-9C3E-49F9B0A7FA65}.Release|Any CPU.ActiveCfg = Release|Any CPU
		{642842C5-5378-401A-9C3E-49F9B0A7FA65}.Release|Any CPU.Build.0 = Release|Any CPU
	EndGlobalSection
	GlobalSection(SolutionProperties) = preSolution
		HideSolutionNode = FALSE
	EndGlobalSection
	GlobalSection(ExtensibilityGlobals) = postSolution
		SolutionGuid = {4BDE9AE0-E47F-416B-9BFC-507507878C11}
	EndGlobalSection
EndGlobal
